
Microsoft Visual Studio Solution File, Format Version 12.00
# Visual Studio Version 17
VisualStudioVersion = 17.4.33110.190
MinimumVisualStudioVersion = 10.0.40219.1
Project("{FAE04EC0-301F-11D3-BF4B-00C04F79EFBC}") = "BookStoreCSharp", "BookStoreCSharp\BookStoreCSharp.csproj", "{DAC9122D-A014-4B46-B209-C3E233743744}"
EndProject
Global
	GlobalSection(SolutionConfigurationPlatforms) = preSolution
		Debug|Any CPU = Debug|Any CPU
		Release|Any CPU = Release|Any CPU
	EndGlobalSection
	GlobalSection(ProjectConfigurationPlatforms) = postSolution
		{DAC9122D-A014-4B46-B209-C3E233743744}.Debug|Any CPU.ActiveCfg = Debug|Any CPU
		{DAC9122D-A014-4B46-B209-C3E233743744}.Debug|Any CPU.Build.0 = Debug|Any CPU
		{DAC9122D-A014-4B46-B209-C3E233743744}.Release|Any CPU.ActiveCfg = Release|Any CPU
		{DAC9122D-A014-4B46-B209-C3E233743744}.Release|Any CPU.Build.0 = Release|Any CPU
	EndGlobalSection
	GlobalSection(SolutionProperties) = preSolution
		HideSolutionNode = FALSE
	EndGlobalSection
	GlobalSection(ExtensibilityGlobals) = postSolution
		SolutionGuid = {021C7480-2490-478E-9F96-3F005630B586}
	EndGlobalSection
EndGlobal
